{
  "name": "node--js-basics-4.30-class",
  "lockfileVersion": 3,
  "requires": true,
  "packages": {
    "": {
      "dependencies": {
        "to": "^0.2.9"
      }
    },
    "node_modules/argparse": {
      "version": "0.1.16",
      "license": "MIT",
      "dependencies": {
        "underscore": "~1.7.0",
        "underscore.string": "~2.4.0"
      }
    },
    "node_modules/argparse/node_modules/underscore.string": {},
    "node_modules/esprima": {
      "version": "1.0.4",
      "bin": {
        "esparse": "bin/esparse.js",
        "esvalidate": "bin/esvalidate.js"
      },
      "engines": {
        "node": ">=0.4.0"
      }
    },
    "node_modules/handy": {
      "version": "0.0.13",
      "resolved": "https://registry.npmjs.org/handy/-/handy-0.0.13.tgz",
      "integrity": "sha512-/zQlqn2DyEjstyfw4lY/JjtPQiKSkZrKn3XsXsEawJwF1CNfbuXzFPGydFAo5Wve+1NHT6lJL7vwhyg5VSgNUw==",
      "engines": {
        "node": ">= 0.8.0"
      }
    },
    "node_modules/htmlparser": {
      "version": "1.7.7",
      "resolved": "https://registry.npmjs.org/htmlparser/-/htmlparser-1.7.7.tgz",
      "integrity": "sha512-zpK66ifkT0fauyFh2Mulrq4AqGTucxGtOhZ8OjkbSfcCpkqQEI8qRkY0tSQSJNAQ4HUZkgWaU4fK4EH6SVH9PQ==",
      "engines": {
        "node": ">=0.1.33"
      }
    },
    "node_modules/js-yaml": {
      "version": "2.0.5",
      "license": "MIT",
      "dependencies": {
        "argparse": "~ 0.1.11",
        "esprima": "~ 1.0.2"
      },
      "bin": {
        "js-yaml": "bin/js-yaml.js"
      },
      "engines": {
        "node": ">= 0.6.0"
      }
    },
    "node_modules/optimist": {
      "version": "0.5.2",
      "license": "MIT/X11",
      "dependencies": {
        "wordwrap": "~0.0.2"
      }
    },
    "node_modules/to": {
      "version": "0.2.9",
      "resolved": "https://registry.npmjs.org/to/-/to-0.2.9.tgz",
      "integrity": "sha512-Xb5kmQVcuba43Ac3fCXVcF8bthDGdg0jeUoyQpyOhVDr3D9sKkLRp7fgkP32eh4lSHY3XzfuhFstU2wLyNGk2g==",
      "dependencies": {
        "handy": ">= 0.0.11",
        "htmlparser": ">= 1.7.6",
        "js-yaml": ">= 1.0.2",
        "optimist": ">= 0.3.5",
        "underscore": ">= 1.4.0"
      },
      "engines": {
        "node": ">= 0.8.0"
      }
    },
    "node_modules/underscore": {
      "version": "1.7.0"
    },
    "node_modules/wordwrap": {
      "version": "0.0.3",
      "license": "MIT",
      "engines": {
        "node": ">=0.4.0"
      }
    }
  }
}
